// !$*UTF8*$!
{
	archiveVersion = 1;
	classes = {
	};
	objectVersion = 46;
	objects = {

/* Begin PBXBuildFile section */
		059D9CC41CE96F3A00D2D557 /* main.m in Sources */ = {isa = PBXBuildFile; fileRef = 059D9CC31CE96F3A00D2D557 /* main.m */; };
		059D9CC71CE96F3A00D2D557 /* AppDelegate.m in Sources */ = {isa = PBXBuildFile; fileRef = 059D9CC61CE96F3A00D2D557 /* AppDelegate.m */; };
		059D9CCA1CE96F3A00D2D557 /* ViewController.m in Sources */ = {isa = PBXBuildFile; fileRef = 059D9CC91CE96F3A00D2D557 /* ViewController.m */; };
		059D9CCD1CE96F3A00D2D557 /* Main.storyboard in Resources */ = {isa = PBXBuildFile; fileRef = 059D9CCB1CE96F3A00D2D557 /* Main.storyboard */; };
		059D9CCF1CE96F3A00D2D557 /* Assets.xcassets in Resources */ = {isa = PBXBuildFile; fileRef = 059D9CCE1CE96F3A00D2D557 /* Assets.xcassets */; };
		059D9CD21CE96F3A00D2D557 /* LaunchScreen.storyboard in Resources */ = {isa = PBXBuildFile; fileRef = 059D9CD01CE96F3A00D2D557 /* LaunchScreen.storyboard */; };
		059D9CDD1CE96F3A00D2D557 /* TourmalineTests.m in Sources */ = {isa = PBXBuildFile; fileRef = 059D9CDC1CE96F3A00D2D557 /* TourmalineTests.m */; };
		059D9CE81CE96F3A00D2D557 /* TourmalineUITests.m in Sources */ = {isa = PBXBuildFile; fileRef = 059D9CE71CE96F3A00D2D557 /* TourmalineUITests.m */; };
		76FD9F911EA9F3CA0064B2AB /* BaseViewController.m in Sources */ = {isa = PBXBuildFile; fileRef = 76FD9F901EA9F3CA0064B2AB /* BaseViewController.m */; };
		76FD9F971EA9F5C50064B2AB /* ViewModelClass.m in Sources */ = {isa = PBXBuildFile; fileRef = 76FD9F961EA9F5C50064B2AB /* ViewModelClass.m */; };
		76FD9F9D1EA9F85E0064B2AB /* DataRequest.m in Sources */ = {isa = PBXBuildFile; fileRef = 76FD9F9A1EA9F85E0064B2AB /* DataRequest.m */; };
		76FD9F9E1EA9F85E0064B2AB /* NetRequestClass.m in Sources */ = {isa = PBXBuildFile; fileRef = 76FD9F9C1EA9F85E0064B2AB /* NetRequestClass.m */; };
		ED9E664AA832AAF1B0D9FDAC /* libPods-Tourmaline.a in Frameworks */ = {isa = PBXBuildFile; fileRef = 26FCA8F5B324EB8D17F067CE /* libPods-Tourmaline.a */; };
/* End PBXBuildFile section */

/* Begin PBXContainerItemProxy section */
		059D9CD91CE96F3A00D2D557 /* PBXContainerItemProxy */ = {
			isa = PBXContainerItemProxy;
			containerPortal = 059D9CB71CE96F3A00D2D557 /* Project object */;
			proxyType = 1;
			remoteGlobalIDString = 059D9CBE1CE96F3A00D2D557;
			remoteInfo = Tourmaline;
		};
		059D9CE41CE96F3A00D2D557 /* PBXContainerItemProxy */ = {
			isa = PBXContainerItemProxy;
			containerPortal = 059D9CB71CE96F3A00D2D557 /* Project object */;
			proxyType = 1;
			remoteGlobalIDString = 059D9CBE1CE96F3A00D2D557;
			remoteInfo = Tourmaline;
		};
/* End PBXContainerItemProxy section */

/* Begin PBXFileReference section */
		059D9CBF1CE96F3A00D2D557 /* Tourmaline.app */ = {isa = PBXFileReference; explicitFileType = wrapper.application; includeInIndex = 0; path = Tourmaline.app; sourceTree = BUILT_PRODUCTS_DIR; };
		059D9CC31CE96F3A00D2D557 /* main.m */ = {isa = PBXFileReference; lastKnownFileType = sourcecode.c.objc; path = main.m; sourceTree = "<group>"; };
		059D9CC51CE96F3A00D2D557 /* AppDelegate.h */ = {isa = PBXFileReference; lastKnownFileType = sourcecode.c.h; path = AppDelegate.h; sourceTree = "<group>"; };
		059D9CC61CE96F3A00D2D557 /* AppDelegate.m */ = {isa = PBXFileReference; lastKnownFileType = sourcecode.c.objc; path = AppDelegate.m; sourceTree = "<group>"; };
		059D9CC81CE96F3A00D2D557 /* ViewController.h */ = {isa = PBXFileReference; lastKnownFileType = sourcecode.c.h; path = ViewController.h; sourceTree = "<group>"; };
		059D9CC91CE96F3A00D2D557 /* ViewController.m */ = {isa = PBXFileReference; lastKnownFileType = sourcecode.c.objc; path = ViewController.m; sourceTree = "<group>"; };
		059D9CCC1CE96F3A00D2D557 /* Base */ = {isa = PBXFileReference; lastKnownFileType = file.storyboard; name = Base; path = Base.lproj/Main.storyboard; sourceTree = "<group>"; };
		059D9CCE1CE96F3A00D2D557 /* Assets.xcassets */ = {isa = PBXFileReference; lastKnownFileType = folder.assetcatalog; path = Assets.xcassets; sourceTree = "<group>"; };
		059D9CD11CE96F3A00D2D557 /* Base */ = {isa = PBXFileReference; lastKnownFileType = file.storyboard; name = Base; path = Base.lproj/LaunchScreen.storyboard; sourceTree = "<group>"; };
		059D9CD31CE96F3A00D2D557 /* Info.plist */ = {isa = PBXFileReference; lastKnownFileType = text.plist.xml; path = Info.plist; sourceTree = "<group>"; };
		059D9CD81CE96F3A00D2D557 /* TourmalineTests.xctest */ = {isa = PBXFileReference; explicitFileType = wrapper.cfbundle; includeInIndex = 0; path = TourmalineTests.xctest; sourceTree = BUILT_PRODUCTS_DIR; };
		059D9CDC1CE96F3A00D2D557 /* TourmalineTests.m */ = {isa = PBXFileReference; lastKnownFileType = sourcecode.c.objc; path = TourmalineTests.m; sourceTree = "<group>"; };
		059D9CDE1CE96F3A00D2D557 /* Info.plist */ = {isa = PBXFileReference; lastKnownFileType = text.plist.xml; path = Info.plist; sourceTree = "<group>"; };
		059D9CE31CE96F3A00D2D557 /* TourmalineUITests.xctest */ = {isa = PBXFileReference; explicitFileType = wrapper.cfbundle; includeInIndex = 0; path = TourmalineUITests.xctest; sourceTree = BUILT_PRODUCTS_DIR; };
		059D9CE71CE96F3A00D2D557 /* TourmalineUITests.m */ = {isa = PBXFileReference; lastKnownFileType = sourcecode.c.objc; path = TourmalineUITests.m; sourceTree = "<group>"; };
		059D9CE91CE96F3A00D2D557 /* Info.plist */ = {isa = PBXFileReference; lastKnownFileType = text.plist.xml; path = Info.plist; sourceTree = "<group>"; };
		106AE4EB6EB21585DA515E1C /* Pods-Tourmaline.debug.xcconfig */ = {isa = PBXFileReference; includeInIndex = 1; lastKnownFileType = text.xcconfig; name = "Pods-Tourmaline.debug.xcconfig"; path = "Pods/Target Support Files/Pods-Tourmaline/Pods-Tourmaline.debug.xcconfig"; sourceTree = "<group>"; };
		26FCA8F5B324EB8D17F067CE /* libPods-Tourmaline.a */ = {isa = PBXFileReference; explicitFileType = archive.ar; includeInIndex = 0; path = "libPods-Tourmaline.a"; sourceTree = BUILT_PRODUCTS_DIR; };
		76FD9F8F1EA9F3CA0064B2AB /* BaseViewController.h */ = {isa = PBXFileReference; fileEncoding = 4; lastKnownFileType = sourcecode.c.h; path = BaseViewController.h; sourceTree = "<group>"; };
		76FD9F901EA9F3CA0064B2AB /* BaseViewController.m */ = {isa = PBXFileReference; fileEncoding = 4; lastKnownFileType = sourcecode.c.objc; path = BaseViewController.m; sourceTree = "<group>"; };
		76FD9F951EA9F5C50064B2AB /* ViewModelClass.h */ = {isa = PBXFileReference; fileEncoding = 4; lastKnownFileType = sourcecode.c.h; path = ViewModelClass.h; sourceTree = "<group>"; };
		76FD9F961EA9F5C50064B2AB /* ViewModelClass.m */ = {isa = PBXFileReference; fileEncoding = 4; lastKnownFileType = sourcecode.c.objc; path = ViewModelClass.m; sourceTree = "<group>"; };
		76FD9F991EA9F85E0064B2AB /* DataRequest.h */ = {isa = PBXFileReference; fileEncoding = 4; lastKnownFileType = sourcecode.c.h; path = DataRequest.h; sourceTree = "<group>"; };
		76FD9F9A1EA9F85E0064B2AB /* DataRequest.m */ = {isa = PBXFileReference; fileEncoding = 4; lastKnownFileType = sourcecode.c.objc; path = DataRequest.m; sourceTree = "<group>"; };
		76FD9F9B1EA9F85E0064B2AB /* NetRequestClass.h */ = {isa = PBXFileReference; fileEncoding = 4; lastKnownFileType = sourcecode.c.h; path = NetRequestClass.h; sourceTree = "<group>"; };
		76FD9F9C1EA9F85E0064B2AB /* NetRequestClass.m */ = {isa = PBXFileReference; fileEncoding = 4; lastKnownFileType = sourcecode.c.objc; path = NetRequestClass.m; sourceTree = "<group>"; };
		76FD9FA01EA9F8880064B2AB /* Config.h */ = {isa = PBXFileReference; fileEncoding = 4; lastKnownFileType = sourcecode.c.h; path = Config.h; sourceTree = "<group>"; };
		76FD9FA11EA9F8880064B2AB /* PrefixHeader.pch */ = {isa = PBXFileReference; fileEncoding = 4; lastKnownFileType = sourcecode.c.h; path = PrefixHeader.pch; sourceTree = "<group>"; };
		F27E048031B6140EA4A6EA56 /* Pods-Tourmaline.release.xcconfig */ = {isa = PBXFileReference; includeInIndex = 1; lastKnownFileType = text.xcconfig; name = "Pods-Tourmaline.release.xcconfig"; path = "Pods/Target Support Files/Pods-Tourmaline/Pods-Tourmaline.release.xcconfig"; sourceTree = "<group>"; };
/* End PBXFileReference section */

/* Begin PBXFrameworksBuildPhase section */
		059D9CBC1CE96F3A00D2D557 /* Frameworks */ = {
			isa = PBXFrameworksBuildPhase;
			buildActionMask = 2147483647;
			files = (
				ED9E664AA832AAF1B0D9FDAC /* libPods-Tourmaline.a in Frameworks */,
			);
			runOnlyForDeploymentPostprocessing = 0;
		};
		059D9CD51CE96F3A00D2D557 /* Frameworks */ = {
			isa = PBXFrameworksBuildPhase;
			buildActionMask = 2147483647;
			files = (
			);
			runOnlyForDeploymentPostprocessing = 0;
		};
		059D9CE01CE96F3A00D2D557 /* Frameworks */ = {
			isa = PBXFrameworksBuildPhase;
			buildActionMask = 2147483647;
			files = (
			);
			runOnlyForDeploymentPostprocessing = 0;
		};
/* End PBXFrameworksBuildPhase section */

/* Begin PBXGroup section */
		059D9CB61CE96F3A00D2D557 = {
			isa = PBXGroup;
			children = (
				059D9CC11CE96F3A00D2D557 /* Tourmaline */,
				059D9CDB1CE96F3A00D2D557 /* TourmalineTests */,
				059D9CE61CE96F3A00D2D557 /* TourmalineUITests */,
				059D9CC01CE96F3A00D2D557 /* Products */,
				E2A7997C0595C906ECAAF717 /* Pods */,
				A7CC7B6718B1F90F2D5E22D4 /* Frameworks */,
			);
			sourceTree = "<group>";
		};
		059D9CC01CE96F3A00D2D557 /* Products */ = {
			isa = PBXGroup;
			children = (
				059D9CBF1CE96F3A00D2D557 /* Tourmaline.app */,
				059D9CD81CE96F3A00D2D557 /* TourmalineTests.xctest */,
				059D9CE31CE96F3A00D2D557 /* TourmalineUITests.xctest */,
			);
			name = Products;
			sourceTree = "<group>";
		};
		059D9CC11CE96F3A00D2D557 /* Tourmaline */ = {
			isa = PBXGroup;
			children = (
				76FD9FA51EA9F9250064B2AB /* Tools(工具类) */,
				76FD9FA41EA9F9060064B2AB /* Public(公共类) */,
				76FD9FA31EA9F8DF0064B2AB /* verder(三方库) */,
				76FD9FA21EA9F8B10064B2AB /* Model(数据模型) */,
				76FD9F9F1EA9F8880064B2AB /* Config(配置) */,
				76FD9F981EA9F85E0064B2AB /* Request(请求) */,
				76FD9F8B1EA9F3840064B2AB /* Base(基类) */,
				059D9CC51CE96F3A00D2D557 /* AppDelegate.h */,
				059D9CC61CE96F3A00D2D557 /* AppDelegate.m */,
				059D9CC81CE96F3A00D2D557 /* ViewController.h */,
				059D9CC91CE96F3A00D2D557 /* ViewController.m */,
				059D9CCB1CE96F3A00D2D557 /* Main.storyboard */,
				059D9CCE1CE96F3A00D2D557 /* Assets.xcassets */,
				059D9CD01CE96F3A00D2D557 /* LaunchScreen.storyboard */,
				059D9CC21CE96F3A00D2D557 /* Supporting Files */,
			);
			path = Tourmaline;
			sourceTree = "<group>";
		};
		059D9CC21CE96F3A00D2D557 /* Supporting Files */ = {
			isa = PBXGroup;
			children = (
				059D9CD31CE96F3A00D2D557 /* Info.plist */,
				059D9CC31CE96F3A00D2D557 /* main.m */,
			);
			name = "Supporting Files";
			sourceTree = "<group>";
		};
		059D9CDB1CE96F3A00D2D557 /* TourmalineTests */ = {
			isa = PBXGroup;
			children = (
				059D9CDC1CE96F3A00D2D557 /* TourmalineTests.m */,
				059D9CDE1CE96F3A00D2D557 /* Info.plist */,
			);
			path = TourmalineTests;
			sourceTree = "<group>";
		};
		059D9CE61CE96F3A00D2D557 /* TourmalineUITests */ = {
			isa = PBXGroup;
			children = (
				059D9CE71CE96F3A00D2D557 /* TourmalineUITests.m */,
				059D9CE91CE96F3A00D2D557 /* Info.plist */,
			);
			path = TourmalineUITests;
			sourceTree = "<group>";
		};
		76FD9F8B1EA9F3840064B2AB /* Base(基类) */ = {
			isa = PBXGroup;
			children = (
				76FD9F8F1EA9F3CA0064B2AB /* BaseViewController.h */,
				76FD9F901EA9F3CA0064B2AB /* BaseViewController.m */,
				76FD9F951EA9F5C50064B2AB /* ViewModelClass.h */,
				76FD9F961EA9F5C50064B2AB /* ViewModelClass.m */,
			);
			path = "Base(基类)";
			sourceTree = "<group>";
		};
		76FD9F981EA9F85E0064B2AB /* Request(请求) */ = {
			isa = PBXGroup;
			children = (
				76FD9F991EA9F85E0064B2AB /* DataRequest.h */,
				76FD9F9A1EA9F85E0064B2AB /* DataRequest.m */,
				76FD9F9B1EA9F85E0064B2AB /* NetRequestClass.h */,
				76FD9F9C1EA9F85E0064B2AB /* NetRequestClass.m */,
			);
			path = "Request(请求)";
			sourceTree = "<group>";
		};
		76FD9F9F1EA9F8880064B2AB /* Config(配置) */ = {
			isa = PBXGroup;
			children = (
				76FD9FA01EA9F8880064B2AB /* Config.h */,
				76FD9FA11EA9F8880064B2AB /* PrefixHeader.pch */,
			);
			path = "Config(配置)";
			sourceTree = "<group>";
		};
		76FD9FA21EA9F8B10064B2AB /* Model(数据模型) */ = {
			isa = PBXGroup;
			children = (
			);
			path = "Model(数据模型)";
			sourceTree = "<group>";
		};
		76FD9FA31EA9F8DF0064B2AB /* verder(三方库) */ = {
			isa = PBXGroup;
			children = (
			);
			path = "verder(三方库)";
			sourceTree = "<group>";
		};
		76FD9FA41EA9F9060064B2AB /* Public(公共类) */ = {
			isa = PBXGroup;
			children = (
			);
			path = "Public(公共类)";
			sourceTree = "<group>";
		};
		76FD9FA51EA9F9250064B2AB /* Tools(工具类) */ = {
			isa = PBXGroup;
			children = (
			);
			path = "Tools(工具类)";
			sourceTree = "<group>";
		};
		A7CC7B6718B1F90F2D5E22D4 /* Frameworks */ = {
			isa = PBXGroup;
			children = (
				26FCA8F5B324EB8D17F067CE /* libPods-Tourmaline.a */,
			);
			name = Frameworks;
			sourceTree = "<group>";
		};
		E2A7997C0595C906ECAAF717 /* Pods */ = {
			isa = PBXGroup;
			children = (
				106AE4EB6EB21585DA515E1C /* Pods-Tourmaline.debug.xcconfig */,
				F27E048031B6140EA4A6EA56 /* Pods-Tourmaline.release.xcconfig */,
			);
			name = Pods;
			sourceTree = "<group>";
		};
/* End PBXGroup section */

/* Begin PBXNativeTarget section */
		059D9CBE1CE96F3A00D2D557 /* Tourmaline */ = {
			isa = PBXNativeTarget;
			buildConfigurationList = 059D9CEC1CE96F3A00D2D557 /* Build configuration list for PBXNativeTarget "Tourmaline" */;
			buildPhases = (
				F596606319EDD90A62A73416 /* [CP] Check Pods Manifest.lock */,
				059D9CBB1CE96F3A00D2D557 /* Sources */,
				059D9CBC1CE96F3A00D2D557 /* Frameworks */,
				059D9CBD1CE96F3A00D2D557 /* Resources */,
				B99EE9AF975AE8E2F57DEE6A /* [CP] Embed Pods Frameworks */,
				0CE1AF05836A22CE2F85271A /* [CP] Copy Pods Resources */,
			);
			buildRules = (
			);
			dependencies = (
			);
			name = Tourmaline;
			productName = Tourmaline;
			productReference = 059D9CBF1CE96F3A00D2D557 /* Tourmaline.app */;
			productType = "com.apple.product-type.application";
		};
		059D9CD71CE96F3A00D2D557 /* TourmalineTests */ = {
			isa = PBXNativeTarget;
			buildConfigurationList = 059D9CEF1CE96F3A00D2D557 /* Build configuration list for PBXNativeTarget "TourmalineTests" */;
			buildPhases = (
				059D9CD41CE96F3A00D2D557 /* Sources */,
				059D9CD51CE96F3A00D2D557 /* Frameworks */,
				059D9CD61CE96F3A00D2D557 /* Resources */,
			);
			buildRules = (
			);
			dependencies = (
				059D9CDA1CE96F3A00D2D557 /* PBXTargetDependency */,
			);
			name = TourmalineTests;
			productName = TourmalineTests;
			productReference = 059D9CD81CE96F3A00D2D557 /* TourmalineTests.xctest */;
			productType = "com.apple.product-type.bundle.unit-test";
		};
		059D9CE21CE96F3A00D2D557 /* TourmalineUITests */ = {
			isa = PBXNativeTarget;
			buildConfigurationList = 059D9CF21CE96F3A00D2D557 /* Build configuration list for PBXNativeTarget "TourmalineUITests" */;
			buildPhases = (
				059D9CDF1CE96F3A00D2D557 /* Sources */,
				059D9CE01CE96F3A00D2D557 /* Frameworks */,
				059D9CE11CE96F3A00D2D557 /* Resources */,
			);
			buildRules = (
			);
			dependencies = (
				059D9CE51CE96F3A00D2D557 /* PBXTargetDependency */,
			);
			name = TourmalineUITests;
			productName = TourmalineUITests;
			productReference = 059D9CE31CE96F3A00D2D557 /* TourmalineUITests.xctest */;
			productType = "com.apple.product-type.bundle.ui-testing";
		};
/* End PBXNativeTarget section */

/* Begin PBXProject section */
		059D9CB71CE96F3A00D2D557 /* Project object */ = {
			isa = PBXProject;
			attributes = {
				LastUpgradeCheck = 0730;
				ORGANIZATIONNAME = dongan;
				TargetAttributes = {
					059D9CBE1CE96F3A00D2D557 = {
						CreatedOnToolsVersion = 7.3.1;
						DevelopmentTeam = 339DUDKSZG;
					};
					059D9CD71CE96F3A00D2D557 = {
						CreatedOnToolsVersion = 7.3.1;
						TestTargetID = 059D9CBE1CE96F3A00D2D557;
					};
					059D9CE21CE96F3A00D2D557 = {
						CreatedOnToolsVersion = 7.3.1;
						TestTargetID = 059D9CBE1CE96F3A00D2D557;
					};
				};
			};
			buildConfigurationList = 059D9CBA1CE96F3A00D2D557 /* Build configuration list for PBXProject "Tourmaline" */;
			compatibilityVersion = "Xcode 3.2";
			developmentRegion = English;
			hasScannedForEncodings = 0;
			knownRegions = (
				en,
				Base,
			);
			mainGroup = 059D9CB61CE96F3A00D2D557;
			productRefGroup = 059D9CC01CE96F3A00D2D557 /* Products */;
			projectDirPath = "";
			projectRoot = "";
			targets = (
				059D9CBE1CE96F3A00D2D557 /* Tourmaline */,
				059D9CD71CE96F3A00D2D557 /* TourmalineTests */,
				059D9CE21CE96F3A00D2D557 /* TourmalineUITests */,
			);
		};
/* End PBXProject section */

/* Begin PBXResourcesBuildPhase section */
		059D9CBD1CE96F3A00D2D557 /* Resources */ = {
			isa = PBXResourcesBuildPhase;
			buildActionMask = 2147483647;
			files = (
				059D9CD21CE96F3A00D2D557 /* LaunchScreen.storyboard in Resources */,
				059D9CCF1CE96F3A00D2D557 /* Assets.xcassets in Resources */,
				059D9CCD1CE96F3A00D2D557 /* Main.storyboard in Resources */,
			);
			runOnlyForDeploymentPostprocessing = 0;
		};
		059D9CD61CE96F3A00D2D557 /* Resources */ = {
			isa = PBXResourcesBuildPhase;
			buildActionMask = 2147483647;
			files = (
			);
			runOnlyForDeploymentPostprocessing = 0;
		};
		059D9CE11CE96F3A00D2D557 /* Resources */ = {
			isa = PBXResourcesBuildPhase;
			buildActionMask = 2147483647;
			files = (
			);
			runOnlyForDeploymentPostprocessing = 0;
		};
/* End PBXResourcesBuildPhase section */

/* Begin PBXShellScriptBuildPhase section */
		0CE1AF05836A22CE2F85271A /* [CP] Copy Pods Resources */ = {
			isa = PBXShellScriptBuildPhase;
			buildActionMask = 2147483647;
			files = (
			);
			inputPaths = (
			);
			name = "[CP] Copy Pods Resources";
			outputPaths = (
			);
			runOnlyForDeploymentPostprocessing = 0;
			shellPath = /bin/sh;
			shellScript = "\"${SRCROOT}/Pods/Target Support Files/Pods-Tourmaline/Pods-Tourmaline-resources.sh\"\n";
			showEnvVarsInLog = 0;
		};
		B99EE9AF975AE8E2F57DEE6A /* [CP] Embed Pods Frameworks */ = {
			isa = PBXShellScriptBuildPhase;
			buildActionMask = 2147483647;
			files = (
			);
			inputPaths = (
			);
			name = "[CP] Embed Pods Frameworks";
			outputPaths = (
			);
			runOnlyForDeploymentPostprocessing = 0;
			shellPath = /bin/sh;
			shellScript = "\"${SRCROOT}/Pods/Target Support Files/Pods-Tourmaline/Pods-Tourmaline-frameworks.sh\"\n";
			showEnvVarsInLog = 0;
		};
		F596606319EDD90A62A73416 /* [CP] Check Pods Manifest.lock */ = {
			isa = PBXShellScriptBuildPhase;
			buildActionMask = 2147483647;
			files = (
			);
			inputPaths = (
			);
			name = "[CP] Check Pods Manifest.lock";
			outputPaths = (
			);
			runOnlyForDeploymentPostprocessing = 0;
			shellPath = /bin/sh;
			shellScript = "diff \"${PODS_ROOT}/../Podfile.lock\" \"${PODS_ROOT}/Manifest.lock\" > /dev/null\nif [ $? != 0 ] ; then\n    # print error to STDERR\n    echo \"error: The sandbox is not in sync with the Podfile.lock. Run 'pod install' or update your CocoaPods installation.\" >&2\n    exit 1\nfi\n";
			showEnvVarsInLog = 0;
		};
/* End PBXShellScriptBuildPhase section */

/* Begin PBXSourcesBuildPhase section */
		059D9CBB1CE96F3A00D2D557 /* Sources */ = {
			isa = PBXSourcesBuildPhase;
			buildActionMask = 2147483647;
			files = (
				059D9CCA1CE96F3A00D2D557 /* ViewController.m in Sources */,
				76FD9F971EA9F5C50064B2AB /* ViewModelClass.m in Sources */,
				76FD9F911EA9F3CA0064B2AB /* BaseViewController.m in Sources */,
				059D9CC71CE96F3A00D2D557 /* AppDelegate.m in Sources */,
				059D9CC41CE96F3A00D2D557 /* main.m in Sources */,
				76FD9F9D1EA9F85E0064B2AB /* DataRequest.m in Sources */,
				76FD9F9E1EA9F85E0064B2AB /* NetRequestClass.m in Sources */,
			);
			runOnlyForDeploymentPostprocessing = 0;
		};
		059D9CD41CE96F3A00D2D557 /* Sources */ = {
			isa = PBXSourcesBuildPhase;
			buildActionMask = 2147483647;
			files = (
				059D9CDD1CE96F3A00D2D557 /* TourmalineTests.m in Sources */,
			);
			runOnlyForDeploymentPostprocessing = 0;
		};
		059D9CDF1CE96F3A00D2D557 /* Sources */ = {
			isa = PBXSourcesBuildPhase;
			buildActionMask = 2147483647;
			files = (
				059D9CE81CE96F3A00D2D557 /* TourmalineUITests.m in Sources */,
			);
			runOnlyForDeploymentPostprocessing = 0;
		};
/* End PBXSourcesBuildPhase section */

/* Begin PBXTargetDependency section */
		059D9CDA1CE96F3A00D2D557 /* PBXTargetDependency */ = {
			isa = PBXTargetDependency;
			target = 059D9CBE1CE96F3A00D2D557 /* Tourmaline */;
			targetProxy = 059D9CD91CE96F3A00D2D557 /* PBXContainerItemProxy */;
		};
		059D9CE51CE96F3A00D2D557 /* PBXTargetDependency */ = {
			isa = PBXTargetDependency;
			target = 059D9CBE1CE96F3A00D2D557 /* Tourmaline */;
			targetProxy = 059D9CE41CE96F3A00D2D557 /* PBXContainerItemProxy */;
		};
/* End PBXTargetDependency section */

/* Begin PBXVariantGroup section */
		059D9CCB1CE96F3A00D2D557 /* Main.storyboard */ = {
			isa = PBXVariantGroup;
			children = (
				059D9CCC1CE96F3A00D2D557 /* Base */,
			);
			name = Main.storyboard;
			sourceTree = "<group>";
		};
		059D9CD01CE96F3A00D2D557 /* LaunchScreen.storyboard */ = {
			isa = PBXVariantGroup;
			children = (
				059D9CD11CE96F3A00D2D557 /* Base */,
			);
			name = LaunchScreen.storyboard;
			sourceTree = "<group>";
		};
/* End PBXVariantGroup section */

/* Begin XCBuildConfiguration section */
		059D9CEA1CE96F3A00D2D557 /* Debug */ = {
			isa = XCBuildConfiguration;
			buildSettings = {
				ALWAYS_SEARCH_USER_PATHS = NO;
				CLANG_ANALYZER_NONNULL = YES;
				CLANG_CXX_LANGUAGE_STANDARD = "gnu++0x";
				CLANG_CXX_LIBRARY = "libc++";
				CLANG_ENABLE_MODULES = YES;
				CLANG_ENABLE_OBJC_ARC = YES;
				CLANG_WARN_BOOL_CONVERSION = YES;
				CLANG_WARN_CONSTANT_CONVERSION = YES;
				CLANG_WARN_DIRECT_OBJC_ISA_USAGE = YES_ERROR;
				CLANG_WARN_EMPTY_BODY = YES;
				CLANG_WARN_ENUM_CONVERSION = YES;
				CLANG_WARN_INT_CONVERSION = YES;
				CLANG_WARN_OBJC_ROOT_CLASS = YES_ERROR;
				CLANG_WARN_UNREACHABLE_CODE = YES;
				CLANG_WARN__DUPLICATE_METHOD_MATCH = YES;
				"CODE_SIGN_IDENTITY[sdk=iphoneos*]" = "iPhone Developer";
				COPY_PHASE_STRIP = NO;
				DEBUG_INFORMATION_FORMAT = dwarf;
				ENABLE_STRICT_OBJC_MSGSEND = YES;
				ENABLE_TESTABILITY = YES;
				GCC_C_LANGUAGE_STANDARD = gnu99;
				GCC_DYNAMIC_NO_PIC = NO;
				GCC_NO_COMMON_BLOCKS = YES;
				GCC_OPTIMIZATION_LEVEL = 0;
				GCC_PREPROCESSOR_DEFINITIONS = (
					"DEBUG=1",
					"$(inherited)",
				);
				GCC_WARN_64_TO_32_BIT_CONVERSION = YES;
				GCC_WARN_ABOUT_RETURN_TYPE = YES_ERROR;
				GCC_WARN_UNDECLARED_SELECTOR = YES;
				GCC_WARN_UNINITIALIZED_AUTOS = YES_AGGRESSIVE;
				GCC_WARN_UNUSED_FUNCTION = YES;
				GCC_WARN_UNUSED_VARIABLE = YES;
				IPHONEOS_DEPLOYMENT_TARGET = 9.3;
				MTL_ENABLE_DEBUG_INFO = YES;
				ONLY_ACTIVE_ARCH = YES;
				SDKROOT = iphoneos;
				TARGETED_DEVICE_FAMILY = "1,2";
			};
			name = Debug;
		};
		059D9CEB1CE96F3A00D2D557 /* Release */ = {
			isa = XCBuildConfiguration;
			buildSettings = {
				ALWAYS_SEARCH_USER_PATHS = NO;
				CLANG_ANALYZER_NONNULL = YES;
				CLANG_CXX_LANGUAGE_STANDARD = "gnu++0x";
				CLANG_CXX_LIBRARY = "libc++";
				CLANG_ENABLE_MODULES = YES;
				CLANG_ENABLE_OBJC_ARC = YES;
				CLANG_WARN_BOOL_CONVERSION = YES;
				CLANG_WARN_CONSTANT_CONVERSION = YES;
				CLANG_WARN_DIRECT_OBJC_ISA_USAGE = YES_ERROR;
				CLANG_WARN_EMPTY_BODY = YES;
				CLANG_WARN_ENUM_CONVERSION = YES;
				CLANG_WARN_INT_CONVERSION = YES;
				CLANG_WARN_OBJC_ROOT_CLASS = YES_ERROR;
				CLANG_WARN_UNREACHABLE_CODE = YES;
				CLANG_WARN__DUPLICATE_METHOD_MATCH = YES;
				"CODE_SIGN_IDENTITY[sdk=iphoneos*]" = "iPhone Developer";
				COPY_PHASE_STRIP = NO;
				DEBUG_INFORMATION_FORMAT = "dwarf-with-dsym";
				ENABLE_NS_ASSERTIONS = NO;
				ENABLE_STRICT_OBJC_MSGSEND = YES;
				GCC_C_LANGUAGE_STANDARD = gnu99;
				GCC_NO_COMMON_BLOCKS = YES;
				GCC_WARN_64_TO_32_BIT_CONVERSION = YES;
				GCC_WARN_ABOUT_RETURN_TYPE = YES_ERROR;
				GCC_WARN_UNDECLARED_SELECTOR = YES;
				GCC_WARN_UNINITIALIZED_AUTOS = YES_AGGRESSIVE;
				GCC_WARN_UNUSED_FUNCTION = YES;
				GCC_WARN_UNUSED_VARIABLE = YES;
				IPHONEOS_DEPLOYMENT_TARGET = 9.3;
				MTL_ENABLE_DEBUG_INFO = NO;
				SDKROOT = iphoneos;
				TARGETED_DEVICE_FAMILY = "1,2";
				VALIDATE_PRODUCT = YES;
			};
			name = Release;
		};
		059D9CED1CE96F3A00D2D557 /* Debug */ = {
			isa = XCBuildConfiguration;
			baseConfigurationReference = 106AE4EB6EB21585DA515E1C /* Pods-Tourmaline.debug.xcconfig */;
			buildSettings = {
				ASSETCATALOG_COMPILER_APPICON_NAME = AppIcon;
				DEVELOPMENT_TEAM = 339DUDKSZG;
				GCC_PREFIX_HEADER = "Tourmaline/Config(配置)/PrefixHeader.pch";
				INFOPLIST_FILE = Tourmaline/Info.plist;
				IPHONEOS_DEPLOYMENT_TARGET = 8.0;
				LD_RUNPATH_SEARCH_PATHS = "$(inherited) @executable_path/Frameworks";
				PRODUCT_BUNDLE_IDENTIFIER = dongan.Tourmaline;
				PRODUCT_NAME = "$(TARGET_NAME)";
			};
			name = Debug;
		};
		059D9CEE1CE96F3A00D2D557 /* Release */ = {
			isa = XCBuildConfiguration;
			baseConfigurationReference = F27E048031B6140EA4A6EA56 /* Pods-Tourmaline.release.xcconfig */;
			buildSettings = {
				ASSETCATALOG_COMPILER_APPICON_NAME = AppIcon;
				DEVELOPMENT_TEAM = 339DUDKSZG;
				GCC_PREFIX_HEADER = "Tourmaline/Config(配置)/PrefixHeader.pch";
				INFOPLIST_FILE = Tourmaline/Info.plist;
				IPHONEOS_DEPLOYMENT_TARGET = 8.0;
				LD_RUNPATH_SEARCH_PATHS = "$(inherited) @executable_path/Frameworks";
				PRODUCT_BUNDLE_IDENTIFIER = dongan.Tourmaline;
				PRODUCT_NAME = "$(TARGET_NAME)";
			};
			name = Release;
		};
		059D9CF01CE96F3A00D2D557 /* Debug */ = {
			isa = XCBuildConfiguration;
			buildSettings = {
				BUNDLE_LOADER = "$(TEST_HOST)";
				INFOPLIST_FILE = TourmalineTests/Info.plist;
				LD_RUNPATH_SEARCH_PATHS = "$(inherited) @executable_path/Frameworks @loader_path/Frameworks";
				PRODUCT_BUNDLE_IDENTIFIER = dongan.TourmalineTests;
				PRODUCT_NAME = "$(TARGET_NAME)";
				TEST_HOST = "$(BUILT_PRODUCTS_DIR)/Tourmaline.app/Tourmaline";
			};
			name = Debug;
		};
		059D9CF11CE96F3A00D2D557 /* Release */ = {
			isa = XCBuildConfiguration;
			buildSettings = {
				BUNDLE_LOADER = "$(TEST_HOST)";
				INFOPLIST_FILE = TourmalineTests/Info.plist;
				LD_RUNPATH_SEARCH_PATHS = "$(inherited) @executable_path/Frameworks @loader_path/Frameworks";
				PRODUCT_BUNDLE_IDENTIFIER = dongan.TourmalineTests;
				PRODUCT_NAME = "$(TARGET_NAME)";
				TEST_HOST = "$(BUILT_PRODUCTS_DIR)/Tourmaline.app/Tourmaline";
			};
			name = Release;
		};
		059D9CF31CE96F3A00D2D557 /* Debug */ = {
			isa = XCBuildConfiguration;
			buildSettings = {
				INFOPLIST_FILE = TourmalineUITests/Info.plist;
				LD_RUNPATH_SEARCH_PATHS = "$(inherited) @executable_path/Frameworks @loader_path/Frameworks";
				PRODUCT_BUNDLE_IDENTIFIER = dongan.TourmalineUITests;
				PRODUCT_NAME = "$(TARGET_NAME)";
				TEST_TARGET_NAME = Tourmaline;
			};
			name = Debug;
		};
		059D9CF41CE96F3A00D2D557 /* Release */ = {
			isa = XCBuildConfiguration;
			buildSettings = {
				INFOPLIST_FILE = TourmalineUITests/Info.plist;
				LD_RUNPATH_SEARCH_PATHS = "$(inherited) @executable_path/Frameworks @loader_path/Frameworks";
				PRODUCT_BUNDLE_IDENTIFIER = dongan.TourmalineUITests;
				PRODUCT_NAME = "$(TARGET_NAME)";
				TEST_TARGET_NAME = Tourmaline;
			};
			name = Release;
		};
/* End XCBuildConfiguration section */

/* Begin XCConfigurationList section */
		059D9CBA1CE96F3A00D2D557 /* Build configuration list for PBXProject "Tourmaline" */ = {
			isa = XCConfigurationList;
			buildConfigurations = (
				059D9CEA1CE96F3A00D2D557 /* Debug */,
				059D9CEB1CE96F3A00D2D557 /* Release */,
			);
			defaultConfigurationIsVisible = 0;
			defaultConfigurationName = Release;
		};
		059D9CEC1CE96F3A00D2D557 /* Build configuration list for PBXNativeTarget "Tourmaline" */ = {
			isa = XCConfigurationList;
			buildConfigurations = (
				059D9CED1CE96F3A00D2D557 /* Debug */,
				059D9CEE1CE96F3A00D2D557 /* Release */,
			);
			defaultConfigurationIsVisible = 0;
			defaultConfigurationName = Release;
		};
		059D9CEF1CE96F3A00D2D557 /* Build configuration list for PBXNativeTarget "TourmalineTests" */ = {
			isa = XCConfigurationList;
			buildConfigurations = (
				059D9CF01CE96F3A00D2D557 /* Debug */,
				059D9CF11CE96F3A00D2D557 /* Release */,
			);
			defaultConfigurationIsVisible = 0;
			defaultConfigurationName = Release;
		};
		059D9CF21CE96F3A00D2D557 /* Build configuration list for PBXNativeTarget "TourmalineUITests" */ = {
			isa = XCConfigurationList;
			buildConfigurations = (
				059D9CF31CE96F3A00D2D557 /* Debug */,
				059D9CF41CE96F3A00D2D557 /* Release */,
			);
			defaultConfigurationIsVisible = 0;
			defaultConfigurationName = Release;
		};
/* End XCConfigurationList section */
	};
	rootObject = 059D9CB71CE96F3A00D2D557 /* Project object */;
}
